// !$*UTF8*$!
{
	archiveVersion = 1;
	classes = {
	};
	objectVersion = 77;
	objects = {

/* Begin PBXBuildFile section */
		C38242712CF78B6200B8CC72 /* WidgetKit.framework in Frameworks */ = {isa = PBXBuildFile; fileRef = C38241FC2CF783D400B8CC72 /* WidgetKit.framework */; };
		C38242722CF78B6200B8CC72 /* SwiftUI.framework in Frameworks */ = {isa = PBXBuildFile; fileRef = C38241FE2CF783D400B8CC72 /* SwiftUI.framework */; };
		C38242832CF78B6500B8CC72 /* TimerWidgetExtension.appex in Embed Foundation Extensions */ = {isa = PBXBuildFile; fileRef = C38242702CF78B6200B8CC72 /* TimerWidgetExtension.appex */; settings = {ATTRIBUTES = (RemoveHeadersOnCopy, ); }; };
/* End PBXBuildFile section */

/* Begin PBXContainerItemProxy section */
		C33F85AB2CD58BFD00242A84 /* PBXContainerItemProxy */ = {
			isa = PBXContainerItemProxy;
			containerPortal = C33F85902CD58BFB00242A84 /* Project object */;
			proxyType = 1;
			remoteGlobalIDString = C33F85972CD58BFB00242A84;
			remoteInfo = "Newton Notes IOS";
		};
		C33F85B52CD58BFD00242A84 /* PBXContainerItemProxy */ = {
			isa = PBXContainerItemProxy;
			containerPortal = C33F85902CD58BFB00242A84 /* Project object */;
			proxyType = 1;
			remoteGlobalIDString = C33F85972CD58BFB00242A84;
			remoteInfo = "Newton Notes IOS";
		};
		C38242812CF78B6500B8CC72 /* PBXContainerItemProxy */ = {
			isa = PBXContainerItemProxy;
			containerPortal = C33F85902CD58BFB00242A84 /* Project object */;
			proxyType = 1;
			remoteGlobalIDString = C382426F2CF78B6200B8CC72;
			remoteInfo = TimerWidgetExtension;
		};
/* End PBXContainerItemProxy section */

/* Begin PBXCopyFilesBuildPhase section */
		C38242152CF783D700B8CC72 /* Embed Foundation Extensions */ = {
			isa = PBXCopyFilesBuildPhase;
			buildActionMask = 2147483647;
			dstPath = "";
			dstSubfolderSpec = 13;
			files = (
				C38242832CF78B6500B8CC72 /* TimerWidgetExtension.appex in Embed Foundation Extensions */,
			);
			name = "Embed Foundation Extensions";
			runOnlyForDeploymentPostprocessing = 0;
		};
/* End PBXCopyFilesBuildPhase section */

/* Begin PBXFileReference section */
		C33F85982CD58BFB00242A84 /* Newton Notes.app */ = {isa = PBXFileReference; explicitFileType = wrapper.application; includeInIndex = 0; path = "Newton Notes.app"; sourceTree = BUILT_PRODUCTS_DIR; };
		C33F85AA2CD58BFD00242A84 /* Newton NotesTests.xctest */ = {isa = PBXFileReference; explicitFileType = wrapper.cfbundle; includeInIndex = 0; path = "Newton NotesTests.xctest"; sourceTree = BUILT_PRODUCTS_DIR; };
		C33F85B42CD58BFD00242A84 /* Newton NotesUITests.xctest */ = {isa = PBXFileReference; explicitFileType = wrapper.cfbundle; includeInIndex = 0; path = "Newton NotesUITests.xctest"; sourceTree = BUILT_PRODUCTS_DIR; };
		C38241FC2CF783D400B8CC72 /* WidgetKit.framework */ = {isa = PBXFileReference; lastKnownFileType = wrapper.framework; name = WidgetKit.framework; path = System/Library/Frameworks/WidgetKit.framework; sourceTree = SDKROOT; };
		C38241FE2CF783D400B8CC72 /* SwiftUI.framework */ = {isa = PBXFileReference; lastKnownFileType = wrapper.framework; name = SwiftUI.framework; path = System/Library/Frameworks/SwiftUI.framework; sourceTree = SDKROOT; };
		C38242702CF78B6200B8CC72 /* TimerWidgetExtension.appex */ = {isa = PBXFileReference; explicitFileType = "wrapper.app-extension"; includeInIndex = 0; path = TimerWidgetExtension.appex; sourceTree = BUILT_PRODUCTS_DIR; };
		C3FC4A0A2CF79D9A00B59B5D /* TimerWidgetExtension.entitlements */ = {isa = PBXFileReference; lastKnownFileType = text.plist.entitlements; path = TimerWidgetExtension.entitlements; sourceTree = "<group>"; };
/* End PBXFileReference section */

/* Begin PBXFileSystemSynchronizedBuildFileExceptionSet section */
		C30469632CE39D08004A7AAB /* Exceptions for "Newton Notes" folder in "Newton Notes" target */ = {
			isa = PBXFileSystemSynchronizedBuildFileExceptionSet;
			membershipExceptions = (
				"Preview Content/AddRoutineView.swift",
				"Preview Content/GlobalState.swift",
			);
			target = C33F85972CD58BFB00242A84 /* Newton Notes */;
		};
		C38242872CF78B6500B8CC72 /* Exceptions for "TimerWidget" folder in "TimerWidgetExtension" target */ = {
			isa = PBXFileSystemSynchronizedBuildFileExceptionSet;
			membershipExceptions = (
				Info.plist,
			);
			target = C382426F2CF78B6200B8CC72 /* TimerWidgetExtension */;
		};
		C38242892CF78D4A00B8CC72 /* Exceptions for "TimerWidget" folder in "Newton Notes" target */ = {
			isa = PBXFileSystemSynchronizedBuildFileExceptionSet;
			membershipExceptions = (
				TimerWidgetLiveActivity.swift,
			);
			target = C33F85972CD58BFB00242A84 /* Newton Notes */;
		};
/* End PBXFileSystemSynchronizedBuildFileExceptionSet section */

/* Begin PBXFileSystemSynchronizedRootGroup section */
		C33F859A2CD58BFB00242A84 /* Newton Notes */ = {
			isa = PBXFileSystemSynchronizedRootGroup;
			exceptions = (
				C30469632CE39D08004A7AAB /* Exceptions for "Newton Notes" folder in "Newton Notes" target */,
			);
			path = "Newton Notes";
			sourceTree = "<group>";
		};
		C33F85AD2CD58BFD00242A84 /* Newton Notes Tests */ = {
			isa = PBXFileSystemSynchronizedRootGroup;
			path = "Newton Notes Tests";
			sourceTree = "<group>";
		};
		C33F85B72CD58BFD00242A84 /* Newton Notes UITests */ = {
			isa = PBXFileSystemSynchronizedRootGroup;
			path = "Newton Notes UITests";
			sourceTree = "<group>";
		};
		C38242732CF78B6200B8CC72 /* TimerWidget */ = {
			isa = PBXFileSystemSynchronizedRootGroup;
			exceptions = (
				C38242892CF78D4A00B8CC72 /* Exceptions for "TimerWidget" folder in "Newton Notes" target */,
				C38242872CF78B6500B8CC72 /* Exceptions for "TimerWidget" folder in "TimerWidgetExtension" target */,
			);
			path = TimerWidget;
			sourceTree = "<group>";
		};
/* End PBXFileSystemSynchronizedRootGroup section */

/* Begin PBXFrameworksBuildPhase section */
		C33F85952CD58BFB00242A84 /* Frameworks */ = {
			isa = PBXFrameworksBuildPhase;
			buildActionMask = 2147483647;
			files = (
			);
			runOnlyForDeploymentPostprocessing = 0;
		};
		C33F85A72CD58BFD00242A84 /* Frameworks */ = {
			isa = PBXFrameworksBuildPhase;
			buildActionMask = 2147483647;
			files = (
			);
			runOnlyForDeploymentPostprocessing = 0;
		};
		C33F85B12CD58BFD00242A84 /* Frameworks */ = {
			isa = PBXFrameworksBuildPhase;
			buildActionMask = 2147483647;
			files = (
			);
			runOnlyForDeploymentPostprocessing = 0;
		};
		C382426D2CF78B6200B8CC72 /* Frameworks */ = {
			isa = PBXFrameworksBuildPhase;
			buildActionMask = 2147483647;
			files = (
				C38242722CF78B6200B8CC72 /* SwiftUI.framework in Frameworks */,
				C38242712CF78B6200B8CC72 /* WidgetKit.framework in Frameworks */,
			);
			runOnlyForDeploymentPostprocessing = 0;
		};
/* End PBXFrameworksBuildPhase section */

/* Begin PBXGroup section */
		C33F858F2CD58BFB00242A84 = {
			isa = PBXGroup;
			children = (
				C3FC4A0A2CF79D9A00B59B5D /* TimerWidgetExtension.entitlements */,
				C33F859A2CD58BFB00242A84 /* Newton Notes */,
				C33F85AD2CD58BFD00242A84 /* Newton Notes Tests */,
				C33F85B72CD58BFD00242A84 /* Newton Notes UITests */,
				C38242732CF78B6200B8CC72 /* TimerWidget */,
				C38241FB2CF783D400B8CC72 /* Frameworks */,
				C33F85992CD58BFB00242A84 /* Products */,
			);
			sourceTree = "<group>";
		};
		C33F85992CD58BFB00242A84 /* Products */ = {
			isa = PBXGroup;
			children = (
				C33F85982CD58BFB00242A84 /* Newton Notes.app */,
				C33F85AA2CD58BFD00242A84 /* Newton NotesTests.xctest */,
				C33F85B42CD58BFD00242A84 /* Newton NotesUITests.xctest */,
				C38242702CF78B6200B8CC72 /* TimerWidgetExtension.appex */,
			);
			name = Products;
			sourceTree = "<group>";
		};
		C38241FB2CF783D400B8CC72 /* Frameworks */ = {
			isa = PBXGroup;
			children = (
				C38241FC2CF783D400B8CC72 /* WidgetKit.framework */,
				C38241FE2CF783D400B8CC72 /* SwiftUI.framework */,
			);
			name = Frameworks;
			sourceTree = "<group>";
		};
/* End PBXGroup section */

/* Begin PBXNativeTarget section */
		C33F85972CD58BFB00242A84 /* Newton Notes */ = {
			isa = PBXNativeTarget;
			buildConfigurationList = C33F85BE2CD58BFD00242A84 /* Build configuration list for PBXNativeTarget "Newton Notes" */;
			buildPhases = (
				C33F85942CD58BFB00242A84 /* Sources */,
				C33F85952CD58BFB00242A84 /* Frameworks */,
				C33F85962CD58BFB00242A84 /* Resources */,
				C38242152CF783D700B8CC72 /* Embed Foundation Extensions */,
			);
			buildRules = (
			);
			dependencies = (
				C38242822CF78B6500B8CC72 /* PBXTargetDependency */,
			);
			fileSystemSynchronizedGroups = (
				C33F859A2CD58BFB00242A84 /* Newton Notes */,
			);
			name = "Newton Notes";
			packageProductDependencies = (
			);
			productName = "Newton Notes IOS";
			productReference = C33F85982CD58BFB00242A84 /* Newton Notes.app */;
			productType = "com.apple.product-type.application";
		};
		C33F85A92CD58BFD00242A84 /* Newton NotesTests */ = {
			isa = PBXNativeTarget;
			buildConfigurationList = C33F85C12CD58BFD00242A84 /* Build configuration list for PBXNativeTarget "Newton NotesTests" */;
			buildPhases = (
				C33F85A62CD58BFD00242A84 /* Sources */,
				C33F85A72CD58BFD00242A84 /* Frameworks */,
				C33F85A82CD58BFD00242A84 /* Resources */,
			);
			buildRules = (
			);
			dependencies = (
				C33F85AC2CD58BFD00242A84 /* PBXTargetDependency */,
			);
			fileSystemSynchronizedGroups = (
				C33F85AD2CD58BFD00242A84 /* Newton Notes Tests */,
			);
			name = "Newton NotesTests";
			packageProductDependencies = (
			);
			productName = "Newton Notes IOSTests";
			productReference = C33F85AA2CD58BFD00242A84 /* Newton NotesTests.xctest */;
			productType = "com.apple.product-type.bundle.unit-test";
		};
		C33F85B32CD58BFD00242A84 /* Newton NotesUITests */ = {
			isa = PBXNativeTarget;
			buildConfigurationList = C33F85C42CD58BFD00242A84 /* Build configuration list for PBXNativeTarget "Newton NotesUITests" */;
			buildPhases = (
				C33F85B02CD58BFD00242A84 /* Sources */,
				C33F85B12CD58BFD00242A84 /* Frameworks */,
				C33F85B22CD58BFD00242A84 /* Resources */,
			);
			buildRules = (
			);
			dependencies = (
				C33F85B62CD58BFD00242A84 /* PBXTargetDependency */,
			);
			fileSystemSynchronizedGroups = (
				C33F85B72CD58BFD00242A84 /* Newton Notes UITests */,
			);
			name = "Newton NotesUITests";
			packageProductDependencies = (
			);
			productName = "Newton Notes IOSUITests";
			productReference = C33F85B42CD58BFD00242A84 /* Newton NotesUITests.xctest */;
			productType = "com.apple.product-type.bundle.ui-testing";
		};
		C382426F2CF78B6200B8CC72 /* TimerWidgetExtension */ = {
			isa = PBXNativeTarget;
			buildConfigurationList = C38242842CF78B6500B8CC72 /* Build configuration list for PBXNativeTarget "TimerWidgetExtension" */;
			buildPhases = (
				C382426C2CF78B6200B8CC72 /* Sources */,
				C382426D2CF78B6200B8CC72 /* Frameworks */,
				C382426E2CF78B6200B8CC72 /* Resources */,
			);
			buildRules = (
			);
			dependencies = (
			);
			fileSystemSynchronizedGroups = (
				C38242732CF78B6200B8CC72 /* TimerWidget */,
			);
			name = TimerWidgetExtension;
			packageProductDependencies = (
			);
			productName = TimerWidgetExtension;
			productReference = C38242702CF78B6200B8CC72 /* TimerWidgetExtension.appex */;
			productType = "com.apple.product-type.app-extension";
		};
/* End PBXNativeTarget section */

/* Begin PBXProject section */
		C33F85902CD58BFB00242A84 /* Project object */ = {
			isa = PBXProject;
			attributes = {
				BuildIndependentTargetsInParallel = 1;
				LastSwiftUpdateCheck = 1610;
				LastUpgradeCheck = 1610;
				TargetAttributes = {
					C33F85972CD58BFB00242A84 = {
						CreatedOnToolsVersion = 16.1;
					};
					C33F85A92CD58BFD00242A84 = {
						CreatedOnToolsVersion = 16.1;
						TestTargetID = C33F85972CD58BFB00242A84;
					};
					C33F85B32CD58BFD00242A84 = {
						CreatedOnToolsVersion = 16.1;
						TestTargetID = C33F85972CD58BFB00242A84;
					};
					C382426F2CF78B6200B8CC72 = {
						CreatedOnToolsVersion = 16.1;
					};
				};
			};
			buildConfigurationList = C33F85932CD58BFB00242A84 /* Build configuration list for PBXProject "Newton Notes" */;
			developmentRegion = en;
			hasScannedForEncodings = 0;
			knownRegions = (
				en,
				Base,
			);
			mainGroup = C33F858F2CD58BFB00242A84;
			minimizedProjectReferenceProxies = 1;
			preferredProjectObjectVersion = 77;
			productRefGroup = C33F85992CD58BFB00242A84 /* Products */;
			projectDirPath = "";
			projectRoot = "";
			targets = (
				C33F85972CD58BFB00242A84 /* Newton Notes */,
				C33F85A92CD58BFD00242A84 /* Newton NotesTests */,
				C33F85B32CD58BFD00242A84 /* Newton NotesUITests */,
				C382426F2CF78B6200B8CC72 /* TimerWidgetExtension */,
			);
		};
/* End PBXProject section */

/* Begin PBXResourcesBuildPhase section */
		C33F85962CD58BFB00242A84 /* Resources */ = {
			isa = PBXResourcesBuildPhase;
			buildActionMask = 2147483647;
			files = (
			);
			runOnlyForDeploymentPostprocessing = 0;
		};
		C33F85A82CD58BFD00242A84 /* Resources */ = {
			isa = PBXResourcesBuildPhase;
			buildActionMask = 2147483647;
			files = (
			);
			runOnlyForDeploymentPostprocessing = 0;
		};
		C33F85B22CD58BFD00242A84 /* Resources */ = {
			isa = PBXResourcesBuildPhase;
			buildActionMask = 2147483647;
			files = (
			);
			runOnlyForDeploymentPostprocessing = 0;
		};
		C382426E2CF78B6200B8CC72 /* Resources */ = {
			isa = PBXResourcesBuildPhase;
			buildActionMask = 2147483647;
			files = (
			);
			runOnlyForDeploymentPostprocessing = 0;
		};
/* End PBXResourcesBuildPhase section */

/* Begin PBXSourcesBuildPhase section */
		C33F85942CD58BFB00242A84 /* Sources */ = {
			isa = PBXSourcesBuildPhase;
			buildActionMask = 2147483647;
			files = (
			);
			runOnlyForDeploymentPostprocessing = 0;
		};
		C33F85A62CD58BFD00242A84 /* Sources */ = {
			isa = PBXSourcesBuildPhase;
			buildActionMask = 2147483647;
			files = (
			);
			runOnlyForDeploymentPostprocessing = 0;
		};
		C33F85B02CD58BFD00242A84 /* Sources */ = {
			isa = PBXSourcesBuildPhase;
			buildActionMask = 2147483647;
			files = (
			);
			runOnlyForDeploymentPostprocessing = 0;
		};
		C382426C2CF78B6200B8CC72 /* Sources */ = {
			isa = PBXSourcesBuildPhase;
			buildActionMask = 2147483647;
			files = (
			);
			runOnlyForDeploymentPostprocessing = 0;
		};
/* End PBXSourcesBuildPhase section */

/* Begin PBXTargetDependency section */
		C33F85AC2CD58BFD00242A84 /* PBXTargetDependency */ = {
			isa = PBXTargetDependency;
			target = C33F85972CD58BFB00242A84 /* Newton Notes */;
			targetProxy = C33F85AB2CD58BFD00242A84 /* PBXContainerItemProxy */;
		};
		C33F85B62CD58BFD00242A84 /* PBXTargetDependency */ = {
			isa = PBXTargetDependency;
			target = C33F85972CD58BFB00242A84 /* Newton Notes */;
			targetProxy = C33F85B52CD58BFD00242A84 /* PBXContainerItemProxy */;
		};
		C38242822CF78B6500B8CC72 /* PBXTargetDependency */ = {
			isa = PBXTargetDependency;
			target = C382426F2CF78B6200B8CC72 /* TimerWidgetExtension */;
			targetProxy = C38242812CF78B6500B8CC72 /* PBXContainerItemProxy */;
		};
/* End PBXTargetDependency section */

/* Begin XCBuildConfiguration section */
		C33F85BC2CD58BFD00242A84 /* Debug */ = {
			isa = XCBuildConfiguration;
			buildSettings = {
				ALWAYS_SEARCH_USER_PATHS = NO;
				ASSETCATALOG_COMPILER_GENERATE_SWIFT_ASSET_SYMBOL_EXTENSIONS = YES;
				CLANG_ANALYZER_NONNULL = YES;
				CLANG_ANALYZER_NUMBER_OBJECT_CONVERSION = YES_AGGRESSIVE;
				CLANG_CXX_LANGUAGE_STANDARD = "gnu++20";
				CLANG_ENABLE_MODULES = YES;
				CLANG_ENABLE_OBJC_ARC = YES;
				CLANG_ENABLE_OBJC_WEAK = YES;
				CLANG_WARN_BLOCK_CAPTURE_AUTORELEASING = YES;
				CLANG_WARN_BOOL_CONVERSION = YES;
				CLANG_WARN_COMMA = YES;
				CLANG_WARN_CONSTANT_CONVERSION = YES;
				CLANG_WARN_DEPRECATED_OBJC_IMPLEMENTATIONS = YES;
				CLANG_WARN_DIRECT_OBJC_ISA_USAGE = YES_ERROR;
				CLANG_WARN_DOCUMENTATION_COMMENTS = YES;
				CLANG_WARN_EMPTY_BODY = YES;
				CLANG_WARN_ENUM_CONVERSION = YES;
				CLANG_WARN_INFINITE_RECURSION = YES;
				CLANG_WARN_INT_CONVERSION = YES;
				CLANG_WARN_NON_LITERAL_NULL_CONVERSION = YES;
				CLANG_WARN_OBJC_IMPLICIT_RETAIN_SELF = YES;
				CLANG_WARN_OBJC_LITERAL_CONVERSION = YES;
				CLANG_WARN_OBJC_ROOT_CLASS = YES_ERROR;
				CLANG_WARN_QUOTED_INCLUDE_IN_FRAMEWORK_HEADER = YES;
				CLANG_WARN_RANGE_LOOP_ANALYSIS = YES;
				CLANG_WARN_STRICT_PROTOTYPES = YES;
				CLANG_WARN_SUSPICIOUS_MOVE = YES;
				CLANG_WARN_UNGUARDED_AVAILABILITY = YES_AGGRESSIVE;
				CLANG_WARN_UNREACHABLE_CODE = YES;
				CLANG_WARN__DUPLICATE_METHOD_MATCH = YES;
				COPY_PHASE_STRIP = NO;
				DEBUG_INFORMATION_FORMAT = dwarf;
				ENABLE_STRICT_OBJC_MSGSEND = YES;
				ENABLE_TESTABILITY = YES;
				ENABLE_USER_SCRIPT_SANDBOXING = YES;
				GCC_C_LANGUAGE_STANDARD = gnu17;
				GCC_DYNAMIC_NO_PIC = NO;
				GCC_NO_COMMON_BLOCKS = YES;
				GCC_OPTIMIZATION_LEVEL = 0;
				GCC_PREPROCESSOR_DEFINITIONS = (
					"DEBUG=1",
					"$(inherited)",
				);
				GCC_WARN_64_TO_32_BIT_CONVERSION = YES;
				GCC_WARN_ABOUT_RETURN_TYPE = YES_ERROR;
				GCC_WARN_UNDECLARED_SELECTOR = YES;
				GCC_WARN_UNINITIALIZED_AUTOS = YES_AGGRESSIVE;
				GCC_WARN_UNUSED_FUNCTION = YES;
				GCC_WARN_UNUSED_VARIABLE = YES;
				IPHONEOS_DEPLOYMENT_TARGET = 17.6;
				LOCALIZATION_PREFERS_STRING_CATALOGS = YES;
				MTL_ENABLE_DEBUG_INFO = INCLUDE_SOURCE;
				MTL_FAST_MATH = YES;
				ONLY_ACTIVE_ARCH = YES;
				SDKROOT = iphoneos;
				SWIFT_ACTIVE_COMPILATION_CONDITIONS = "DEBUG $(inherited)";
				SWIFT_OPTIMIZATION_LEVEL = "-Onone";
			};
			name = Debug;
		};
		C33F85BD2CD58BFD00242A84 /* Release */ = {
			isa = XCBuildConfiguration;
			buildSettings = {
				ALWAYS_SEARCH_USER_PATHS = NO;
				ASSETCATALOG_COMPILER_GENERATE_SWIFT_ASSET_SYMBOL_EXTENSIONS = YES;
				CLANG_ANALYZER_NONNULL = YES;
				CLANG_ANALYZER_NUMBER_OBJECT_CONVERSION = YES_AGGRESSIVE;
				CLANG_CXX_LANGUAGE_STANDARD = "gnu++20";
				CLANG_ENABLE_MODULES = YES;
				CLANG_ENABLE_OBJC_ARC = YES;
				CLANG_ENABLE_OBJC_WEAK = YES;
				CLANG_WARN_BLOCK_CAPTURE_AUTORELEASING = YES;
				CLANG_WARN_BOOL_CONVERSION = YES;
				CLANG_WARN_COMMA = YES;
				CLANG_WARN_CONSTANT_CONVERSION = YES;
				CLANG_WARN_DEPRECATED_OBJC_IMPLEMENTATIONS = YES;
				CLANG_WARN_DIRECT_OBJC_ISA_USAGE = YES_ERROR;
				CLANG_WARN_DOCUMENTATION_COMMENTS = YES;
				CLANG_WARN_EMPTY_BODY = YES;
				CLANG_WARN_ENUM_CONVERSION = YES;
				CLANG_WARN_INFINITE_RECURSION = YES;
				CLANG_WARN_INT_CONVERSION = YES;
				CLANG_WARN_NON_LITERAL_NULL_CONVERSION = YES;
				CLANG_WARN_OBJC_IMPLICIT_RETAIN_SELF = YES;
				CLANG_WARN_OBJC_LITERAL_CONVERSION = YES;
				CLANG_WARN_OBJC_ROOT_CLASS = YES_ERROR;
				CLANG_WARN_QUOTED_INCLUDE_IN_FRAMEWORK_HEADER = YES;
				CLANG_WARN_RANGE_LOOP_ANALYSIS = YES;
				CLANG_WARN_STRICT_PROTOTYPES = YES;
				CLANG_WARN_SUSPICIOUS_MOVE = YES;
				CLANG_WARN_UNGUARDED_AVAILABILITY = YES_AGGRESSIVE;
				CLANG_WARN_UNREACHABLE_CODE = YES;
				CLANG_WARN__DUPLICATE_METHOD_MATCH = YES;
				COPY_PHASE_STRIP = NO;
				DEBUG_INFORMATION_FORMAT = "dwarf-with-dsym";
				ENABLE_NS_ASSERTIONS = NO;
				ENABLE_STRICT_OBJC_MSGSEND = YES;
				ENABLE_USER_SCRIPT_SANDBOXING = YES;
				GCC_C_LANGUAGE_STANDARD = gnu17;
				GCC_NO_COMMON_BLOCKS = YES;
				GCC_WARN_64_TO_32_BIT_CONVERSION = YES;
				GCC_WARN_ABOUT_RETURN_TYPE = YES_ERROR;
				GCC_WARN_UNDECLARED_SELECTOR = YES;
				GCC_WARN_UNINITIALIZED_AUTOS = YES_AGGRESSIVE;
				GCC_WARN_UNUSED_FUNCTION = YES;
				GCC_WARN_UNUSED_VARIABLE = YES;
				IPHONEOS_DEPLOYMENT_TARGET = 17.6;
				LOCALIZATION_PREFERS_STRING_CATALOGS = YES;
				MTL_ENABLE_DEBUG_INFO = NO;
				MTL_FAST_MATH = YES;
				SDKROOT = iphoneos;
				SWIFT_COMPILATION_MODE = wholemodule;
				VALIDATE_PRODUCT = YES;
			};
			name = Release;
		};
		C33F85BF2CD58BFD00242A84 /* Debug */ = {
			isa = XCBuildConfiguration;
			buildSettings = {
				ASSETCATALOG_COMPILER_APPICON_NAME = AppIcon;
				ASSETCATALOG_COMPILER_GLOBAL_ACCENT_COLOR_NAME = AccentColor;
				CODE_SIGN_ENTITLEMENTS = "Newton Notes/Newton Notes.entitlements";
				CODE_SIGN_STYLE = Automatic;
				CURRENT_PROJECT_VERSION = 1;
				DEVELOPMENT_ASSET_PATHS = "\"Newton Notes/Preview Content\"";
				DEVELOPMENT_TEAM = 8R78TU7V89;
				ENABLE_PREVIEWS = YES;
				GENERATE_INFOPLIST_FILE = YES;
				INFOPLIST_FILE = "Newton-Notes-Info.plist";
				INFOPLIST_KEY_LSSupportsOpeningDocumentsInPlace = YES;
				INFOPLIST_KEY_UIApplicationSceneManifest_Generation = YES;
				INFOPLIST_KEY_UIApplicationSupportsIndirectInputEvents = YES;
				INFOPLIST_KEY_UILaunchScreen_Generation = YES;
				INFOPLIST_KEY_UIStatusBarStyle = "";
				INFOPLIST_KEY_UISupportedInterfaceOrientations = "UIInterfaceOrientationPortrait UIInterfaceOrientationPortraitUpsideDown";
				INFOPLIST_KEY_UISupportedInterfaceOrientations_iPad = "UIInterfaceOrientationLandscapeLeft UIInterfaceOrientationLandscapeRight UIInterfaceOrientationPortrait UIInterfaceOrientationPortraitUpsideDown";
				IPHONEOS_DEPLOYMENT_TARGET = 17.1;
				LD_RUNPATH_SEARCH_PATHS = (
					"$(inherited)",
					"@executable_path/Frameworks",
				);
				MARKETING_VERSION = 2.2;
				PRODUCT_BUNDLE_IDENTIFIER = "jamesgasek.Newton-Notes";
				PRODUCT_NAME = "$(TARGET_NAME)";
				SWIFT_EMIT_LOC_STRINGS = YES;
				SWIFT_VERSION = 5.0;
				TARGETED_DEVICE_FAMILY = "1,2";
			};
			name = Debug;
		};
		C33F85C02CD58BFD00242A84 /* Release */ = {
			isa = XCBuildConfiguration;
			buildSettings = {
				ASSETCATALOG_COMPILER_APPICON_NAME = AppIcon;
				ASSETCATALOG_COMPILER_GLOBAL_ACCENT_COLOR_NAME = AccentColor;
				CODE_SIGN_ENTITLEMENTS = "Newton Notes/Newton Notes.entitlements";
				CODE_SIGN_STYLE = Automatic;
				CURRENT_PROJECT_VERSION = 1;
				DEVELOPMENT_ASSET_PATHS = "\"Newton Notes/Preview Content\"";
				DEVELOPMENT_TEAM = 8R78TU7V89;
				ENABLE_PREVIEWS = YES;
				GENERATE_INFOPLIST_FILE = YES;
				INFOPLIST_FILE = "Newton-Notes-Info.plist";
				INFOPLIST_KEY_LSSupportsOpeningDocumentsInPlace = YES;
				INFOPLIST_KEY_UIApplicationSceneManifest_Generation = YES;
				INFOPLIST_KEY_UIApplicationSupportsIndirectInputEvents = YES;
				INFOPLIST_KEY_UILaunchScreen_Generation = YES;
				INFOPLIST_KEY_UIStatusBarStyle = "";
				INFOPLIST_KEY_UISupportedInterfaceOrientations = "UIInterfaceOrientationPortrait UIInterfaceOrientationPortraitUpsideDown";
				INFOPLIST_KEY_UISupportedInterfaceOrientations_iPad = "UIInterfaceOrientationLandscapeLeft UIInterfaceOrientationLandscapeRight UIInterfaceOrientationPortrait UIInterfaceOrientationPortraitUpsideDown";
				IPHONEOS_DEPLOYMENT_TARGET = 17.1;
				LD_RUNPATH_SEARCH_PATHS = (
					"$(inherited)",
					"@executable_path/Frameworks",
				);
				MARKETING_VERSION = 2.2;
				PRODUCT_BUNDLE_IDENTIFIER = "jamesgasek.Newton-Notes";
				PRODUCT_NAME = "$(TARGET_NAME)";
				SWIFT_EMIT_LOC_STRINGS = YES;
				SWIFT_VERSION = 5.0;
				TARGETED_DEVICE_FAMILY = "1,2";
			};
			name = Release;
		};
		C33F85C22CD58BFD00242A84 /* Debug */ = {
			isa = XCBuildConfiguration;
			buildSettings = {
				BUNDLE_LOADER = "$(TEST_HOST)";
				CODE_SIGN_STYLE = Automatic;
				CURRENT_PROJECT_VERSION = 1;
				GENERATE_INFOPLIST_FILE = YES;
				IPHONEOS_DEPLOYMENT_TARGET = 17.1;
				MARKETING_VERSION = 1.0;
				PRODUCT_BUNDLE_IDENTIFIER = "jamesgasek.Newton-Notes-IOSTests";
				PRODUCT_NAME = "$(TARGET_NAME)";
				SWIFT_EMIT_LOC_STRINGS = NO;
				SWIFT_VERSION = 5.0;
				TARGETED_DEVICE_FAMILY = "1,2";
				TEST_HOST = "$(BUILT_PRODUCTS_DIR)/Newton Notes.app/$(BUNDLE_EXECUTABLE_FOLDER_PATH)/Newton Notes";
			};
			name = Debug;
		};
		C33F85C32CD58BFD00242A84 /* Release */ = {
			isa = XCBuildConfiguration;
			buildSettings = {
				BUNDLE_LOADER = "$(TEST_HOST)";
				CODE_SIGN_STYLE = Automatic;
				CURRENT_PROJECT_VERSION = 1;
				GENERATE_INFOPLIST_FILE = YES;
				IPHONEOS_DEPLOYMENT_TARGET = 17.1;
				MARKETING_VERSION = 1.0;
				PRODUCT_BUNDLE_IDENTIFIER = "jamesgasek.Newton-Notes-IOSTests";
				PRODUCT_NAME = "$(TARGET_NAME)";
				SWIFT_EMIT_LOC_STRINGS = NO;
				SWIFT_VERSION = 5.0;
				TARGETED_DEVICE_FAMILY = "1,2";
				TEST_HOST = "$(BUILT_PRODUCTS_DIR)/Newton Notes.app/$(BUNDLE_EXECUTABLE_FOLDER_PATH)/Newton Notes";
			};
			name = Release;
		};
		C33F85C52CD58BFD00242A84 /* Debug */ = {
			isa = XCBuildConfiguration;
			buildSettings = {
				CODE_SIGN_STYLE = Automatic;
				CURRENT_PROJECT_VERSION = 1;
				GENERATE_INFOPLIST_FILE = YES;
				IPHONEOS_DEPLOYMENT_TARGET = 17.1;
				MARKETING_VERSION = 1.0;
				PRODUCT_BUNDLE_IDENTIFIER = "jamesgasek.Newton-Notes-IOSUITests";
				PRODUCT_NAME = "$(TARGET_NAME)";
				SWIFT_EMIT_LOC_STRINGS = NO;
				SWIFT_VERSION = 5.0;
				TARGETED_DEVICE_FAMILY = "1,2";
				TEST_TARGET_NAME = "Newton Notes IOS";
			};
			name = Debug;
		};
		C33F85C62CD58BFD00242A84 /* Release */ = {
			isa = XCBuildConfiguration;
			buildSettings = {
				CODE_SIGN_STYLE = Automatic;
				CURRENT_PROJECT_VERSION = 1;
				GENERATE_INFOPLIST_FILE = YES;
				IPHONEOS_DEPLOYMENT_TARGET = 17.1;
				MARKETING_VERSION = 1.0;
				PRODUCT_BUNDLE_IDENTIFIER = "jamesgasek.Newton-Notes-IOSUITests";
				PRODUCT_NAME = "$(TARGET_NAME)";
				SWIFT_EMIT_LOC_STRINGS = NO;
				SWIFT_VERSION = 5.0;
				TARGETED_DEVICE_FAMILY = "1,2";
				TEST_TARGET_NAME = "Newton Notes IOS";
			};
			name = Release;
		};
		C38242852CF78B6500B8CC72 /* Debug */ = {
			isa = XCBuildConfiguration;
			buildSettings = {
				ASSETCATALOG_COMPILER_GLOBAL_ACCENT_COLOR_NAME = AccentColor;
				ASSETCATALOG_COMPILER_WIDGET_BACKGROUND_COLOR_NAME = WidgetBackground;
				CODE_SIGN_ENTITLEMENTS = TimerWidgetExtension.entitlements;
				CODE_SIGN_STYLE = Automatic;
				CURRENT_PROJECT_VERSION = 1;
				DEVELOPMENT_TEAM = 8R78TU7V89;
				GENERATE_INFOPLIST_FILE = YES;
				INFOPLIST_FILE = TimerWidget/Info.plist;
				INFOPLIST_KEY_CFBundleDisplayName = TimerWidget;
				INFOPLIST_KEY_NSHumanReadableCopyright = "";
				IPHONEOS_DEPLOYMENT_TARGET = 17.1;
				LD_RUNPATH_SEARCH_PATHS = (
					"$(inherited)",
					"@executable_path/Frameworks",
					"@executable_path/../../Frameworks",
				);
				MARKETING_VERSION = 1.0;
				PRODUCT_BUNDLE_IDENTIFIER = "jamesgasek.Newton-Notes.TimerWidget";
				PRODUCT_NAME = "$(TARGET_NAME)";
				SKIP_INSTALL = YES;
				SWIFT_EMIT_LOC_STRINGS = YES;
				SWIFT_VERSION = 5.0;
				TARGETED_DEVICE_FAMILY = "1,2";
			};
			name = Debug;
		};
		C38242862CF78B6500B8CC72 /* Release */ = {
			isa = XCBuildConfiguration;
			buildSettings = {
				ASSETCATALOG_COMPILER_GLOBAL_ACCENT_COLOR_NAME = AccentColor;
				ASSETCATALOG_COMPILER_WIDGET_BACKGROUND_COLOR_NAME = WidgetBackground;
				CODE_SIGN_ENTITLEMENTS = TimerWidgetExtension.entitlements;
				CODE_SIGN_STYLE = Automatic;
				CURRENT_PROJECT_VERSION = 1;
				DEVELOPMENT_TEAM = 8R78TU7V89;
				GENERATE_INFOPLIST_FILE = YES;
				INFOPLIST_FILE = TimerWidget/Info.plist;
				INFOPLIST_KEY_CFBundleDisplayName = TimerWidget;
				INFOPLIST_KEY_NSHumanReadableCopyright = "";
				IPHONEOS_DEPLOYMENT_TARGET = 17.1;
				LD_RUNPATH_SEARCH_PATHS = (
					"$(inherited)",
					"@executable_path/Frameworks",
					"@executable_path/../../Frameworks",
				);
				MARKETING_VERSION = 1.0;
				PRODUCT_BUNDLE_IDENTIFIER = "jamesgasek.Newton-Notes.TimerWidget";
				PRODUCT_NAME = "$(TARGET_NAME)";
				SKIP_INSTALL = YES;
				SWIFT_EMIT_LOC_STRINGS = YES;
				SWIFT_VERSION = 5.0;
				TARGETED_DEVICE_FAMILY = "1,2";
			};
			name = Release;
		};
/* End XCBuildConfiguration section */

/* Begin XCConfigurationList section */
		C33F85932CD58BFB00242A84 /* Build configuration list for PBXProject "Newton Notes" */ = {
			isa = XCConfigurationList;
			buildConfigurations = (
				C33F85BC2CD58BFD00242A84 /* Debug */,
				C33F85BD2CD58BFD00242A84 /* Release */,
			);
			defaultConfigurationIsVisible = 0;
			defaultConfigurationName = Release;
		};
		C33F85BE2CD58BFD00242A84 /* Build configuration list for PBXNativeTarget "Newton Notes" */ = {
			isa = XCConfigurationList;
			buildConfigurations = (
				C33F85BF2CD58BFD00242A84 /* Debug */,
				C33F85C02CD58BFD00242A84 /* Release */,
			);
			defaultConfigurationIsVisible = 0;
			defaultConfigurationName = Release;
		};
		C33F85C12CD58BFD00242A84 /* Build configuration list for PBXNativeTarget "Newton NotesTests" */ = {
			isa = XCConfigurationList;
			buildConfigurations = (
				C33F85C22CD58BFD00242A84 /* Debug */,
				C33F85C32CD58BFD00242A84 /* Release */,
			);
			defaultConfigurationIsVisible = 0;
			defaultConfigurationName = Release;
		};
		C33F85C42CD58BFD00242A84 /* Build configuration list for PBXNativeTarget "Newton NotesUITests" */ = {
			isa = XCConfigurationList;
			buildConfigurations = (
				C33F85C52CD58BFD00242A84 /* Debug */,
				C33F85C62CD58BFD00242A84 /* Release */,
			);
			defaultConfigurationIsVisible = 0;
			defaultConfigurationName = Release;
		};
		C38242842CF78B6500B8CC72 /* Build configuration list for PBXNativeTarget "TimerWidgetExtension" */ = {
			isa = XCConfigurationList;
			buildConfigurations = (
				C38242852CF78B6500B8CC72 /* Debug */,
				C38242862CF78B6500B8CC72 /* Release */,
			);
			defaultConfigurationIsVisible = 0;
			defaultConfigurationName = Release;
		};
/* End XCConfigurationList section */
	};
	rootObject = C33F85902CD58BFB00242A84 /* Project object */;
}
